lockfileVersion: '6.0'

settings:
  autoInstallPeers: true
  excludeLinksFromLockfile: false

dependencies:
  prettier:
    specifier: ^3.0.0
    version: 3.0.0
  prettier-plugin-organize-attributes:
    specifier: 1.0.0
    version: 1.0.0(prettier@3.0.0)

packages:

  /prettier-plugin-organize-attributes@1.0.0(prettier@3.0.0):
    resolution: {integrity: sha512-+NmameaLxbCcylEXsKPmawtzla5EE6ECqvGkpfQz4KM847fXDifB1gFnPQEpoADAq6IXg+cMI8Z0ISJEXa6fhg==}
    engines: {node: '>=14.0.0'}
    peerDependencies:
      prettier: ^3.0.0
    dependencies:
      prettier: 3.0.0
    dev: false

  /prettier@3.0.0:
    resolution: {integrity: sha512-zBf5eHpwHOGPC47h0zrPyNn+eAEIdEzfywMoYn2XPi0P44Zp0tSq64rq0xAREh4auw2cJZHo9QUob+NqCQky4g==}
    engines: {node: '>=14'}
    hasBin: true
    dev: false
